{
  "name": "liqd-session",
  "version": "1.1.2",
  "lockfileVersion": 1,
  "requires": true,
  "dependencies": {
    "liqd-cache": {
      "version": "1.0.3",
      "resolved": "https://registry.npmjs.org/liqd-cache/-/liqd-cache-1.0.3.tgz",
      "integrity": "sha512-sC5i1KnXJ/5QzynXjHSHSKTPUeTBoPBqHUlU0japka3mlUv0TFsfS3rj2nKuW6CsJVGAw05DsJNI1NEP/EU9uA==",
      "requires": {
        "liqd-timer": "^1.0.2"
      }
    },
    "liqd-ds-heap": {
      "version": "1.1.1",
      "resolved": "https://registry.npmjs.org/liqd-ds-heap/-/liqd-ds-heap-1.1.1.tgz",
      "integrity": "sha512-KBU5N9rJyQhhWD3p+kgu0e0MOSj+OZEEYtg+CmtTIm1jaSSxKegQDpV9csCfFzkGvM9I3+l1NgxqzCqctu3Jzw=="
    },
    "liqd-flow": {
      "version": "1.2.6",
      "resolved": "https://registry.npmjs.org/liqd-flow/-/liqd-flow-1.2.6.tgz",
      "integrity": "sha512-eE2/orJMMENVHCgfx6ukCAqEPuNzGhmOgLX6NRmsh1J8be5WnFhMFt2cG3lYXVneRHkL7gJakrm/zVLR02mceg=="
    },
    "liqd-multibuffer": {
      "version": "1.0.6",
      "resolved": "https://registry.npmjs.org/liqd-multibuffer/-/liqd-multibuffer-1.0.6.tgz",
      "integrity": "sha512-jMH25Gqc/3s92+gtQ+a8uEoZen3nUpYb2TFyB8cZjj0h7aKhuH5S2R5pAwMmH0DY+VoYulBM1jtQ0WIwi+Yw5Q==",
      "dev": true
    },
    "liqd-options": {
      "version": "1.0.7",
      "resolved": "https://registry.npmjs.org/liqd-options/-/liqd-options-1.0.7.tgz",
      "integrity": "sha512-G4rj6Mc5tRNMkC9ayT1DRUP2taCNeUi1OZS3mkKQR48xqB1piVviCM4traRzga6LXLSptJRcDz7vPkaKhtI2rw=="
    },
    "liqd-querystring": {
      "version": "1.0.0",
      "resolved": "https://registry.npmjs.org/liqd-querystring/-/liqd-querystring-1.0.0.tgz",
      "integrity": "sha512-zuTPh/k5//DUtwqYOqIzBMMdHydpAQHpaiIrM1y0Gha430M1MhZM9vaOZJppRfujvUMXU63Y2Xq2BVIR9kIsAg==",
      "dev": true
    },
    "liqd-server": {
      "version": "1.2.14",
      "resolved": "https://registry.npmjs.org/liqd-server/-/liqd-server-1.2.14.tgz",
      "integrity": "sha512-PvM0TDGZLTlI8sPTSCirDfIexLX79lAGYyOkOQZHDSZfpukrbEHWHj85AfcBOB2j8hIcI1A+pKvMSvvteGK42w==",
      "dev": true,
      "requires": {
        "liqd-options": "^1.0.6",
        "liqd-querystring": "^1.0.0",
        "liqd-session": "^1.1.2",
        "liqd-websocket": "^1.0.6"
      }
    },
    "liqd-session": {
      "version": "1.1.2",
      "resolved": "https://registry.npmjs.org/liqd-session/-/liqd-session-1.1.2.tgz",
      "integrity": "sha512-3FgUfQ0qKv87S7FW1zfiDk+vX7dNr8P0T+2qgAe0i3EKtD7QobcPhO3mRzAaXLBZOcwzgezIm7HC39gU+GQ0kQ==",
      "dev": true,
      "requires": {
        "liqd-cache": "^1.0.2",
        "liqd-flow": "^1.2.6",
        "liqd-options": "^1.0.6"
      }
    },
    "liqd-timer": {
      "version": "1.0.2",
      "resolved": "https://registry.npmjs.org/liqd-timer/-/liqd-timer-1.0.2.tgz",
      "integrity": "sha512-nHR7I3RlvVoIi1nrKepfQvY1tRBX0gOERpEUso184AOln/hJqzXbUk0A/xdqr25z7nrvgDq0xde7m1oQz2OnpA==",
      "requires": {
        "liqd-ds-heap": "^1.1.1"
      }
    },
    "liqd-websocket": {
      "version": "1.0.8",
      "resolved": "https://registry.npmjs.org/liqd-websocket/-/liqd-websocket-1.0.8.tgz",
      "integrity": "sha512-Cu/Wj3aML2VISA8Lnz4inirzIRPijMePNQAlx7UyXtStguJH5FWrLmuh/eYRZrGG/HNLKp1ph8jEdPORH4htWA==",
      "dev": true,
      "requires": {
        "liqd-multibuffer": "^1.0.6",
        "liqd-options": "^1.0.7"
      }
    }
  }
}
