{
  "name": "liqd-session",
  "version": "1.1.4",
  "lockfileVersion": 1,
  "requires": true,
  "dependencies": {
    "liqd-cache": {
      "version": "1.0.4",
      "resolved": "https://registry.npmjs.org/liqd-cache/-/liqd-cache-1.0.4.tgz",
      "integrity": "sha512-zp4O5q99+yzy+1Fu23od6ZsB1HocVDVPNWUrV40oiBrWa+aVtWC7HvW9s3WkErgBmr2nNzIFVRCx70kqi/ZHuQ==",
      "requires": {
        "liqd-timer": "^1.0.3"
      }
    },
    "liqd-ds-heap": {
      "version": "1.1.2",
      "resolved": "https://registry.npmjs.org/liqd-ds-heap/-/liqd-ds-heap-1.1.2.tgz",
      "integrity": "sha512-gOviQWHOI1ykJTaPP0Ti7hGo6at69QvjSz/YiPi5tlEnA5SBXJWOxQXbdsgtzcb8trkdRL3cyKHAU5SwAupYrg=="
    },
    "liqd-flow": {
      "version": "1.2.8",
      "resolved": "https://registry.npmjs.org/liqd-flow/-/liqd-flow-1.2.8.tgz",
      "integrity": "sha512-NY7W5PunbKkRpEOyJrDlwOE/zQLLe7ezWkU1nDkP99tOfUaae7tAp1qYA/S830v/u51ysjGoc9LsD7wO/quQIQ=="
    },
    "liqd-multibuffer": {
      "version": "1.0.7",
      "resolved": "https://registry.npmjs.org/liqd-multibuffer/-/liqd-multibuffer-1.0.7.tgz",
      "integrity": "sha512-M07e9Jcn+cB/LrbtN3qQEw3YitmYe7lqqnPMz1CmnECEvqLm7k2G1OMNABhKkMXZzyssMcTfBzIX+ChCrUSu7Q==",
      "dev": true
    },
    "liqd-options": {
      "version": "1.0.8",
      "resolved": "https://registry.npmjs.org/liqd-options/-/liqd-options-1.0.8.tgz",
      "integrity": "sha512-9svgkaTfR02AHj3i0IMXQDe8WddqCyfWHkRwZM4+IuL1BtXXA0jN0AAVH3SVQTfAqi/Qt+r0qegrxQPpthDfHw=="
    },
    "liqd-querystring": {
      "version": "1.0.1",
      "resolved": "https://registry.npmjs.org/liqd-querystring/-/liqd-querystring-1.0.1.tgz",
      "integrity": "sha512-rl8xTk8kxBR4uv9691wnNhDVQwrbdOwPbZg2yjvhdWAdYdm5WJTB7fVf+kO2wAZ9c4b4FQ8jDd9ZSZB84Oq3sQ==",
      "dev": true
    },
    "liqd-server": {
      "version": "1.2.24",
      "resolved": "https://registry.npmjs.org/liqd-server/-/liqd-server-1.2.24.tgz",
      "integrity": "sha512-4WUMwWuFQjH06NxDnnAcctYaCsrwT6Y4nPKW2YizZeG+BwaRa6hUS7YctZRYvvorVEvm1/LZhhnIsl6c9KgF2w==",
      "dev": true,
      "requires": {
        "liqd-options": "^1.0.8",
        "liqd-querystring": "^1.0.1",
        "liqd-session": "^1.1.4",
        "liqd-websocket": "^1.1.1"
      }
    },
    "liqd-session": {
      "version": "1.1.4",
      "resolved": "https://registry.npmjs.org/liqd-session/-/liqd-session-1.1.4.tgz",
      "integrity": "sha512-4d8K3OJs6Yo4hETmRWah3QL1x27tzy/HDT+hOEAjdyU+WCvCoROCt5f3vy32PBGgCOwM/bTY57XGEBAw8fyQsg==",
      "dev": true,
      "requires": {
        "liqd-cache": "^1.0.3",
        "liqd-flow": "^1.2.8",
        "liqd-options": "^1.0.8"
      }
    },
    "liqd-timer": {
      "version": "1.0.4",
      "resolved": "https://registry.npmjs.org/liqd-timer/-/liqd-timer-1.0.4.tgz",
      "integrity": "sha512-wKVQNM58Z8U1uqgwB/Ywzhz6vYSchJPKv/WJVmtKoHEUCNXpYePH8KYYptHw35IoLQqF4HWQPnxhCxB7VvsHcg==",
      "requires": {
        "liqd-ds-heap": "^1.1.2"
      }
    },
    "liqd-websocket": {
      "version": "1.1.1",
      "resolved": "https://registry.npmjs.org/liqd-websocket/-/liqd-websocket-1.1.1.tgz",
      "integrity": "sha512-PPZB+Fb4mbECGUFtfmCdjLp2Tp1Ot7yWRXtcDi9K4yCEwNIcSEvO1mip3M8VNyvSk1q0Iqw+xAf3dBEFD+dRgA==",
      "dev": true,
      "requires": {
        "liqd-multibuffer": "^1.0.7",
        "liqd-options": "^1.0.8",
        "liqd-timer": "^1.0.3"
      }
    }
  }
}
