{
  "name": "liqd-session",
  "version": "1.0.3",
  "lockfileVersion": 1,
  "requires": true,
  "dependencies": {
    "liqd-cache": {
      "version": "1.0.2",
      "resolved": "https://registry.npmjs.org/liqd-cache/-/liqd-cache-1.0.2.tgz",
      "integrity": "sha512-l4MQdJ0xk9bcq7Pp1QqIdcAgb5HtNIDHlB3DTqXS+qPxT6QTlCTPESRNC3WXez5aQfS27DGhtddzV7kpIMFZrQ==",
      "requires": {
        "liqd-timer": "^1.0.1"
      }
    },
    "liqd-ds-heap": {
      "version": "1.1.0",
      "resolved": "https://registry.npmjs.org/liqd-ds-heap/-/liqd-ds-heap-1.1.0.tgz",
      "integrity": "sha512-dgPWMXI3FWv413vB7Ssqz1uoIHhVru8OrMmAChEbLkvDIm/cnMQ7dsROMt9nymRDqABOgPfUjPwWZf/pfwJ21Q=="
    },
    "liqd-flow": {
      "version": "1.2.5",
      "resolved": "https://registry.npmjs.org/liqd-flow/-/liqd-flow-1.2.5.tgz",
      "integrity": "sha512-6spo1p+kvx9moEuIwMMOT6ks9tRnhYHM4r7JqFO6O1VVZdlp3FejntGDLQrNOWKGYUcPZT4BqbE418DOomx0cA=="
    },
    "liqd-options": {
      "version": "1.0.5",
      "resolved": "https://registry.npmjs.org/liqd-options/-/liqd-options-1.0.5.tgz",
      "integrity": "sha512-iyd0HvQZpm6nwVFllIVsIhxqUmyub93jfjntNmJuDHn+ukj8udFsXIJXT0WwlC66mdd8uHyShfjUOPlyeHjXOg=="
    },
    "liqd-server": {
      "version": "1.2.2",
      "resolved": "https://registry.npmjs.org/liqd-server/-/liqd-server-1.2.2.tgz",
      "integrity": "sha512-Yf56I2NdZ4wNkHUMlyWuABLmMPDogz1YDVHeX47UuBvRRTsgdzzFDpWxilmiw07bdAgMvnnsBJivuTjyZ29plw==",
      "dev": true,
      "requires": {
        "liqd-options": "^1.0.5",
        "liqd-session": "^1.0.3",
        "liqd-websocket": "^1.0.4"
      }
    },
    "liqd-session": {
      "version": "1.0.3",
      "resolved": "https://registry.npmjs.org/liqd-session/-/liqd-session-1.0.3.tgz",
      "integrity": "sha512-7jRsH5vEBpkQuG5hxGsRoDWK/VJIALMkkBndwTTA5criDVwLqt74PTqTax/ZM1Oy7VxOKGRdqXwQJqrznpupLw==",
      "dev": true,
      "requires": {
        "liqd-cache": "^1.0.1",
        "liqd-flow": "^1.2.5",
        "liqd-options": "^1.0.5"
      }
    },
    "liqd-timer": {
      "version": "1.0.1",
      "resolved": "https://registry.npmjs.org/liqd-timer/-/liqd-timer-1.0.1.tgz",
      "integrity": "sha512-lOTGZ/UxEjjpwF/vTdTzsH0/C8D1MkRia9k37r0T/v3Ja8icUKNJlJETSBM+8Q5jder4yhhpBY58PtraR61lgA==",
      "requires": {
        "liqd-ds-heap": "^1.1.0"
      }
    },
    "liqd-websocket": {
      "version": "1.0.4",
      "resolved": "https://registry.npmjs.org/liqd-websocket/-/liqd-websocket-1.0.4.tgz",
      "integrity": "sha512-Enjc33L0xzD3CgSgDi0VWrwbKDqLHJ3EYaafBS2Mg07zpxrzuTe3arov26CMuvWNK5dj9S9Z2N4B68QpBdBVGA==",
      "dev": true,
      "requires": {
        "liqd-options": "^1.0.4"
      }
    }
  }
}
